
Microsoft Visual Studio Solution File, Format Version 11.00
# Visual Studio 2010
Project("{9344BDBB-3E7F-41FC-A0DD-8665D75EE146}") = "Packages", "Packages.mdproj", "{D8B3FA7C-FE80-4AC6-ABCE-7093AE6AF763}"
EndProject
Global
	GlobalSection(SolutionConfigurationPlatforms) = preSolution
	EndGlobalSection
	GlobalSection(ProjectConfigurationPlatforms) = postSolution
	EndGlobalSection
	GlobalSection(MonoDevelopProperties) = preSolution
		StartupItem = Packages.mdproj
	EndGlobalSection
EndGlobal
