
Microsoft Visual Studio Solution File, Format Version 12.00
# Visual Studio 2012
Project("{FAE04EC0-301F-11D3-BF4B-00C04F79EFBC}") = "Crisis", "Crisis.csproj", "{BFE9BC64-4CDB-4D44-841E-323C08620FB9}"
EndProject
Global
	GlobalSection(SolutionConfigurationPlatforms) = preSolution
		Debug|x86 = Debug|x86
		Release|x86 = Release|x86
		Crisis|x86 = Crisis|x86
		Debug|x64 = Debug|x64
		Release|x64 = Release|x64
		Crisis|x64 = Crisis|x64
	EndGlobalSection
	GlobalSection(ProjectConfigurationPlatforms) = postSolution
		{BFE9BC64-4CDB-4D44-841E-323C08620FB9}.Crisis|x64.ActiveCfg = Crisis|x64
		{BFE9BC64-4CDB-4D44-841E-323C08620FB9}.Crisis|x64.Build.0 = Crisis|x64
		{BFE9BC64-4CDB-4D44-841E-323C08620FB9}.Crisis|x86.ActiveCfg = Crisis|x86
		{BFE9BC64-4CDB-4D44-841E-323C08620FB9}.Crisis|x86.Build.0 = Crisis|x86
		{BFE9BC64-4CDB-4D44-841E-323C08620FB9}.Debug|x64.ActiveCfg = Debug|x64
		{BFE9BC64-4CDB-4D44-841E-323C08620FB9}.Debug|x64.Build.0 = Debug|x64
		{BFE9BC64-4CDB-4D44-841E-323C08620FB9}.Debug|x86.ActiveCfg = Debug|x86
		{BFE9BC64-4CDB-4D44-841E-323C08620FB9}.Debug|x86.Build.0 = Debug|x86
		{BFE9BC64-4CDB-4D44-841E-323C08620FB9}.Release|x64.ActiveCfg = Release|x64
		{BFE9BC64-4CDB-4D44-841E-323C08620FB9}.Release|x64.Build.0 = Release|x64
		{BFE9BC64-4CDB-4D44-841E-323C08620FB9}.Release|x86.ActiveCfg = Release|x86
		{BFE9BC64-4CDB-4D44-841E-323C08620FB9}.Release|x86.Build.0 = Release|x86
	EndGlobalSection
EndGlobal
